// !$*UTF8*$!
{
	archiveVersion = 1;
	classes = {
	};
	objectVersion = 52;
	objects = {

/* Begin PBXBuildFile section */
		6364B7EE25E4C08B0043698A /* AppDelegate.swift in Sources */ = {isa = PBXBuildFile; fileRef = 6364B7ED25E4C08B0043698A /* AppDelegate.swift */; };
		6364B7F025E4C08B0043698A /* SceneDelegate.swift in Sources */ = {isa = PBXBuildFile; fileRef = 6364B7EF25E4C08B0043698A /* SceneDelegate.swift */; };
		6364B7F725E4C08C0043698A /* Assets.xcassets in Resources */ = {isa = PBXBuildFile; fileRef = 6364B7F625E4C08C0043698A /* Assets.xcassets */; };
		6364B7FA25E4C08C0043698A /* LaunchScreen.storyboard in Resources */ = {isa = PBXBuildFile; fileRef = 6364B7F825E4C08C0043698A /* LaunchScreen.storyboard */; };
		6364B80825E4C1700043698A /* MainTabViewController.swift in Sources */ = {isa = PBXBuildFile; fileRef = 6364B80725E4C1700043698A /* MainTabViewController.swift */; };
		6364B80D25E4C1E20043698A /* SettingsViewController.swift in Sources */ = {isa = PBXBuildFile; fileRef = 6364B80C25E4C1E20043698A /* SettingsViewController.swift */; };
		6364B81125E4C23E0043698A /* WaterIntakeTableViewController.swift in Sources */ = {isa = PBXBuildFile; fileRef = 6364B81025E4C23E0043698A /* WaterIntakeTableViewController.swift */; };
		6364B81625E4C27C0043698A /* HealthKit.framework in Frameworks */ = {isa = PBXBuildFile; fileRef = 6364B81525E4C27C0043698A /* HealthKit.framework */; };
		6364B81A25E4C3170043698A /* CareKitUI in Frameworks */ = {isa = PBXBuildFile; productRef = 6364B81925E4C3170043698A /* CareKitUI */; };
		6364B81D25E4C3310043698A /* WaterIntakeChartViewController.swift in Sources */ = {isa = PBXBuildFile; fileRef = 6364B81C25E4C3310043698A /* WaterIntakeChartViewController.swift */; };
		6364B82025E4C3960043698A /* Localizable.stringsdict in Resources */ = {isa = PBXBuildFile; fileRef = 6364B81F25E4C3960043698A /* Localizable.stringsdict */; };
		6364B82425E4C3D40043698A /* HealthData.swift in Sources */ = {isa = PBXBuildFile; fileRef = 6364B82325E4C3D40043698A /* HealthData.swift */; };
		6364B82A25E4C4080043698A /* HealthDataTypeValue.swift in Sources */ = {isa = PBXBuildFile; fileRef = 6364B82925E4C4080043698A /* HealthDataTypeValue.swift */; };
		6364B82E25E4C4290043698A /* WaterIntakeTableViewCell.swift in Sources */ = {isa = PBXBuildFile; fileRef = 6364B82D25E4C4290043698A /* WaterIntakeTableViewCell.swift */; };
		6364B83125E4C44B0043698A /* ChartView.swift in Sources */ = {isa = PBXBuildFile; fileRef = 6364B83025E4C44B0043698A /* ChartView.swift */; };
		6364B83425E4C46C0043698A /* AppSettings.swift in Sources */ = {isa = PBXBuildFile; fileRef = 6364B83325E4C46C0043698A /* AppSettings.swift */; };
		6364B83825E4C4A20043698A /* UIView+Extension.swift in Sources */ = {isa = PBXBuildFile; fileRef = 6364B83725E4C4A20043698A /* UIView+Extension.swift */; };
		6364B83D25E4C85E0043698A /* Network.swift in Sources */ = {isa = PBXBuildFile; fileRef = 6364B83C25E4C85E0043698A /* Network.swift */; };
		6364B84025E4C8790043698A /* ServerResponse.swift in Sources */ = {isa = PBXBuildFile; fileRef = 6364B83F25E4C8790043698A /* ServerResponse.swift */; };
		6364B84625E4CC440043698A /* WaterReportViewController.swift in Sources */ = {isa = PBXBuildFile; fileRef = 6364B84525E4CC440043698A /* WaterReportViewController.swift */; };
/* End PBXBuildFile section */

/* Begin PBXFileReference section */
		6364B7EA25E4C08B0043698A /* HealthKitWaterTracker.app */ = {isa = PBXFileReference; explicitFileType = wrapper.application; includeInIndex = 0; path = HealthKitWaterTracker.app; sourceTree = BUILT_PRODUCTS_DIR; };
		6364B7ED25E4C08B0043698A /* AppDelegate.swift */ = {isa = PBXFileReference; lastKnownFileType = sourcecode.swift; path = AppDelegate.swift; sourceTree = "<group>"; };
		6364B7EF25E4C08B0043698A /* SceneDelegate.swift */ = {isa = PBXFileReference; lastKnownFileType = sourcecode.swift; path = SceneDelegate.swift; sourceTree = "<group>"; };
		6364B7F625E4C08C0043698A /* Assets.xcassets */ = {isa = PBXFileReference; lastKnownFileType = folder.assetcatalog; path = Assets.xcassets; sourceTree = "<group>"; };
		6364B7F925E4C08C0043698A /* Base */ = {isa = PBXFileReference; lastKnownFileType = file.storyboard; name = Base; path = Base.lproj/LaunchScreen.storyboard; sourceTree = "<group>"; };
		6364B7FB25E4C08C0043698A /* Info.plist */ = {isa = PBXFileReference; lastKnownFileType = text.plist.xml; path = Info.plist; sourceTree = "<group>"; };
		6364B80725E4C1700043698A /* MainTabViewController.swift */ = {isa = PBXFileReference; lastKnownFileType = sourcecode.swift; path = MainTabViewController.swift; sourceTree = "<group>"; };
		6364B80C25E4C1E20043698A /* SettingsViewController.swift */ = {isa = PBXFileReference; lastKnownFileType = sourcecode.swift; path = SettingsViewController.swift; sourceTree = "<group>"; };
		6364B81025E4C23E0043698A /* WaterIntakeTableViewController.swift */ = {isa = PBXFileReference; lastKnownFileType = sourcecode.swift; path = WaterIntakeTableViewController.swift; sourceTree = "<group>"; };
		6364B81325E4C27C0043698A /* HealthKitWaterTracker.entitlements */ = {isa = PBXFileReference; lastKnownFileType = text.plist.entitlements; path = HealthKitWaterTracker.entitlements; sourceTree = "<group>"; };
		6364B81525E4C27C0043698A /* HealthKit.framework */ = {isa = PBXFileReference; lastKnownFileType = wrapper.framework; name = HealthKit.framework; path = System/Library/Frameworks/HealthKit.framework; sourceTree = SDKROOT; };
		6364B81C25E4C3310043698A /* WaterIntakeChartViewController.swift */ = {isa = PBXFileReference; lastKnownFileType = sourcecode.swift; path = WaterIntakeChartViewController.swift; sourceTree = "<group>"; };
		6364B81F25E4C3960043698A /* Localizable.stringsdict */ = {isa = PBXFileReference; fileEncoding = 4; lastKnownFileType = text.plist.stringsdict; path = Localizable.stringsdict; sourceTree = "<group>"; };
		6364B82325E4C3D40043698A /* HealthData.swift */ = {isa = PBXFileReference; lastKnownFileType = sourcecode.swift; path = HealthData.swift; sourceTree = "<group>"; };
		6364B82925E4C4080043698A /* HealthDataTypeValue.swift */ = {isa = PBXFileReference; lastKnownFileType = sourcecode.swift; path = HealthDataTypeValue.swift; sourceTree = "<group>"; };
		6364B82D25E4C4290043698A /* WaterIntakeTableViewCell.swift */ = {isa = PBXFileReference; lastKnownFileType = sourcecode.swift; path = WaterIntakeTableViewCell.swift; sourceTree = "<group>"; };
		6364B83025E4C44B0043698A /* ChartView.swift */ = {isa = PBXFileReference; lastKnownFileType = sourcecode.swift; path = ChartView.swift; sourceTree = "<group>"; };
		6364B83325E4C46C0043698A /* AppSettings.swift */ = {isa = PBXFileReference; lastKnownFileType = sourcecode.swift; path = AppSettings.swift; sourceTree = "<group>"; };
		6364B83725E4C4A20043698A /* UIView+Extension.swift */ = {isa = PBXFileReference; lastKnownFileType = sourcecode.swift; path = "UIView+Extension.swift"; sourceTree = "<group>"; };
		6364B83C25E4C85E0043698A /* Network.swift */ = {isa = PBXFileReference; lastKnownFileType = sourcecode.swift; path = Network.swift; sourceTree = "<group>"; };
		6364B83F25E4C8790043698A /* ServerResponse.swift */ = {isa = PBXFileReference; lastKnownFileType = sourcecode.swift; path = ServerResponse.swift; sourceTree = "<group>"; };
		6364B84525E4CC440043698A /* WaterReportViewController.swift */ = {isa = PBXFileReference; lastKnownFileType = sourcecode.swift; path = WaterReportViewController.swift; sourceTree = "<group>"; };
/* End PBXFileReference section */

/* Begin PBXFrameworksBuildPhase section */
		6364B7E725E4C08B0043698A /* Frameworks */ = {
			isa = PBXFrameworksBuildPhase;
			buildActionMask = 2147483647;
			files = (
				6364B81A25E4C3170043698A /* CareKitUI in Frameworks */,
				6364B81625E4C27C0043698A /* HealthKit.framework in Frameworks */,
			);
			runOnlyForDeploymentPostprocessing = 0;
		};
/* End PBXFrameworksBuildPhase section */

/* Begin PBXGroup section */
		6364B7E125E4C08B0043698A = {
			isa = PBXGroup;
			children = (
				6364B7EC25E4C08B0043698A /* HealthKitWaterTracker */,
				6364B7EB25E4C08B0043698A /* Products */,
				6364B81425E4C27C0043698A /* Frameworks */,
			);
			sourceTree = "<group>";
		};
		6364B7EB25E4C08B0043698A /* Products */ = {
			isa = PBXGroup;
			children = (
				6364B7EA25E4C08B0043698A /* HealthKitWaterTracker.app */,
			);
			name = Products;
			sourceTree = "<group>";
		};
		6364B7EC25E4C08B0043698A /* HealthKitWaterTracker */ = {
			isa = PBXGroup;
			children = (
				6364B82825E4C3F50043698A /* Models */,
				6364B82725E4C3EF0043698A /* Views */,
				6364B80625E4C1610043698A /* View Controllers */,
				6364B82225E4C3C40043698A /* Data */,
				6364B84225E4C88D0043698A /* Network */,
				6364B83625E4C4840043698A /* Utilities */,
				6364B80225E4C0C20043698A /* Resources */,
			);
			path = HealthKitWaterTracker;
			sourceTree = "<group>";
		};
		6364B80225E4C0C20043698A /* Resources */ = {
			isa = PBXGroup;
			children = (
				6364B7ED25E4C08B0043698A /* AppDelegate.swift */,
				6364B7EF25E4C08B0043698A /* SceneDelegate.swift */,
				6364B7F625E4C08C0043698A /* Assets.xcassets */,
				6364B7F825E4C08C0043698A /* LaunchScreen.storyboard */,
				6364B7FB25E4C08C0043698A /* Info.plist */,
				6364B81F25E4C3960043698A /* Localizable.stringsdict */,
				6364B81325E4C27C0043698A /* HealthKitWaterTracker.entitlements */,
			);
			path = Resources;
			sourceTree = "<group>";
		};
		6364B80625E4C1610043698A /* View Controllers */ = {
			isa = PBXGroup;
			children = (
				6364B80725E4C1700043698A /* MainTabViewController.swift */,
				6364B80B25E4C1CC0043698A /* Tabs */,
			);
			path = "View Controllers";
			sourceTree = "<group>";
		};
		6364B80B25E4C1CC0043698A /* Tabs */ = {
			isa = PBXGroup;
			children = (
				6364B80C25E4C1E20043698A /* SettingsViewController.swift */,
				6364B81025E4C23E0043698A /* WaterIntakeTableViewController.swift */,
				6364B81C25E4C3310043698A /* WaterIntakeChartViewController.swift */,
				6364B84525E4CC440043698A /* WaterReportViewController.swift */,
			);
			path = Tabs;
			sourceTree = "<group>";
		};
		6364B81425E4C27C0043698A /* Frameworks */ = {
			isa = PBXGroup;
			children = (
				6364B81525E4C27C0043698A /* HealthKit.framework */,
			);
			name = Frameworks;
			sourceTree = "<group>";
		};
		6364B82225E4C3C40043698A /* Data */ = {
			isa = PBXGroup;
			children = (
				6364B82325E4C3D40043698A /* HealthData.swift */,
				6364B83325E4C46C0043698A /* AppSettings.swift */,
			);
			path = Data;
			sourceTree = "<group>";
		};
		6364B82725E4C3EF0043698A /* Views */ = {
			isa = PBXGroup;
			children = (
				6364B82D25E4C4290043698A /* WaterIntakeTableViewCell.swift */,
				6364B83025E4C44B0043698A /* ChartView.swift */,
			);
			path = Views;
			sourceTree = "<group>";
		};
		6364B82825E4C3F50043698A /* Models */ = {
			isa = PBXGroup;
			children = (
				6364B82925E4C4080043698A /* HealthDataTypeValue.swift */,
			);
			path = Models;
			sourceTree = "<group>";
		};
		6364B83625E4C4840043698A /* Utilities */ = {
			isa = PBXGroup;
			children = (
				6364B83725E4C4A20043698A /* UIView+Extension.swift */,
			);
			path = Utilities;
			sourceTree = "<group>";
		};
		6364B84225E4C88D0043698A /* Network */ = {
			isa = PBXGroup;
			children = (
				6364B83C25E4C85E0043698A /* Network.swift */,
				6364B83F25E4C8790043698A /* ServerResponse.swift */,
			);
			path = Network;
			sourceTree = "<group>";
		};
/* End PBXGroup section */

/* Begin PBXNativeTarget section */
		6364B7E925E4C08B0043698A /* HealthKitWaterTracker */ = {
			isa = PBXNativeTarget;
			buildConfigurationList = 6364B7FE25E4C08C0043698A /* Build configuration list for PBXNativeTarget "HealthKitWaterTracker" */;
			buildPhases = (
				6364B7E625E4C08B0043698A /* Sources */,
				6364B7E725E4C08B0043698A /* Frameworks */,
				6364B7E825E4C08B0043698A /* Resources */,
			);
			buildRules = (
			);
			dependencies = (
			);
			name = HealthKitWaterTracker;
			packageProductDependencies = (
				6364B81925E4C3170043698A /* CareKitUI */,
			);
			productName = HealthKitWaterTracker;
			productReference = 6364B7EA25E4C08B0043698A /* HealthKitWaterTracker.app */;
			productType = "com.apple.product-type.application";
		};
/* End PBXNativeTarget section */

/* Begin PBXProject section */
		6364B7E225E4C08B0043698A /* Project object */ = {
			isa = PBXProject;
			attributes = {
				LastSwiftUpdateCheck = 1240;
				LastUpgradeCheck = 1240;
				TargetAttributes = {
					6364B7E925E4C08B0043698A = {
						CreatedOnToolsVersion = 12.4;
					};
				};
			};
			buildConfigurationList = 6364B7E525E4C08B0043698A /* Build configuration list for PBXProject "HealthKitWaterTracker" */;
			compatibilityVersion = "Xcode 9.3";
			developmentRegion = en;
			hasScannedForEncodings = 0;
			knownRegions = (
				en,
				Base,
			);
			mainGroup = 6364B7E125E4C08B0043698A;
			packageReferences = (
				6364B81825E4C3170043698A /* XCRemoteSwiftPackageReference "CareKit" */,
			);
			productRefGroup = 6364B7EB25E4C08B0043698A /* Products */;
			projectDirPath = "";
			projectRoot = "";
			targets = (
				6364B7E925E4C08B0043698A /* HealthKitWaterTracker */,
			);
		};
/* End PBXProject section */

/* Begin PBXResourcesBuildPhase section */
		6364B7E825E4C08B0043698A /* Resources */ = {
			isa = PBXResourcesBuildPhase;
			buildActionMask = 2147483647;
			files = (
				6364B7FA25E4C08C0043698A /* LaunchScreen.storyboard in Resources */,
				6364B7F725E4C08C0043698A /* Assets.xcassets in Resources */,
				6364B82025E4C3960043698A /* Localizable.stringsdict in Resources */,
			);
			runOnlyForDeploymentPostprocessing = 0;
		};
/* End PBXResourcesBuildPhase section */

/* Begin PBXSourcesBuildPhase section */
		6364B7E625E4C08B0043698A /* Sources */ = {
			isa = PBXSourcesBuildPhase;
			buildActionMask = 2147483647;
			files = (
				6364B83D25E4C85E0043698A /* Network.swift in Sources */,
				6364B81125E4C23E0043698A /* WaterIntakeTableViewController.swift in Sources */,
				6364B82425E4C3D40043698A /* HealthData.swift in Sources */,
				6364B82E25E4C4290043698A /* WaterIntakeTableViewCell.swift in Sources */,
				6364B83125E4C44B0043698A /* ChartView.swift in Sources */,
				6364B81D25E4C3310043698A /* WaterIntakeChartViewController.swift in Sources */,
				6364B82A25E4C4080043698A /* HealthDataTypeValue.swift in Sources */,
				6364B83825E4C4A20043698A /* UIView+Extension.swift in Sources */,
				6364B7EE25E4C08B0043698A /* AppDelegate.swift in Sources */,
				6364B83425E4C46C0043698A /* AppSettings.swift in Sources */,
				6364B7F025E4C08B0043698A /* SceneDelegate.swift in Sources */,
				6364B84025E4C8790043698A /* ServerResponse.swift in Sources */,
				6364B80825E4C1700043698A /* MainTabViewController.swift in Sources */,
				6364B80D25E4C1E20043698A /* SettingsViewController.swift in Sources */,
				6364B84625E4CC440043698A /* WaterReportViewController.swift in Sources */,
			);
			runOnlyForDeploymentPostprocessing = 0;
		};
/* End PBXSourcesBuildPhase section */

/* Begin PBXVariantGroup section */
		6364B7F825E4C08C0043698A /* LaunchScreen.storyboard */ = {
			isa = PBXVariantGroup;
			children = (
				6364B7F925E4C08C0043698A /* Base */,
			);
			name = LaunchScreen.storyboard;
			sourceTree = "<group>";
		};
/* End PBXVariantGroup section */

/* Begin XCBuildConfiguration section */
		6364B7FC25E4C08C0043698A /* Debug */ = {
			isa = XCBuildConfiguration;
			buildSettings = {
				ALWAYS_SEARCH_USER_PATHS = NO;
				CLANG_ANALYZER_NONNULL = YES;
				CLANG_ANALYZER_NUMBER_OBJECT_CONVERSION = YES_AGGRESSIVE;
				CLANG_CXX_LANGUAGE_STANDARD = "gnu++14";
				CLANG_CXX_LIBRARY = "libc++";
				CLANG_ENABLE_MODULES = YES;
				CLANG_ENABLE_OBJC_ARC = YES;
				CLANG_ENABLE_OBJC_WEAK = YES;
				CLANG_WARN_BLOCK_CAPTURE_AUTORELEASING = YES;
				CLANG_WARN_BOOL_CONVERSION = YES;
				CLANG_WARN_COMMA = YES;
				CLANG_WARN_CONSTANT_CONVERSION = YES;
				CLANG_WARN_DEPRECATED_OBJC_IMPLEMENTATIONS = YES;
				CLANG_WARN_DIRECT_OBJC_ISA_USAGE = YES_ERROR;
				CLANG_WARN_DOCUMENTATION_COMMENTS = YES;
				CLANG_WARN_EMPTY_BODY = YES;
				CLANG_WARN_ENUM_CONVERSION = YES;
				CLANG_WARN_INFINITE_RECURSION = YES;
				CLANG_WARN_INT_CONVERSION = YES;
				CLANG_WARN_NON_LITERAL_NULL_CONVERSION = YES;
				CLANG_WARN_OBJC_IMPLICIT_RETAIN_SELF = YES;
				CLANG_WARN_OBJC_LITERAL_CONVERSION = YES;
				CLANG_WARN_OBJC_ROOT_CLASS = YES_ERROR;
				CLANG_WARN_QUOTED_INCLUDE_IN_FRAMEWORK_HEADER = YES;
				CLANG_WARN_RANGE_LOOP_ANALYSIS = YES;
				CLANG_WARN_STRICT_PROTOTYPES = YES;
				CLANG_WARN_SUSPICIOUS_MOVE = YES;
				CLANG_WARN_UNGUARDED_AVAILABILITY = YES_AGGRESSIVE;
				CLANG_WARN_UNREACHABLE_CODE = YES;
				CLANG_WARN__DUPLICATE_METHOD_MATCH = YES;
				COPY_PHASE_STRIP = NO;
				DEBUG_INFORMATION_FORMAT = dwarf;
				ENABLE_STRICT_OBJC_MSGSEND = YES;
				ENABLE_TESTABILITY = YES;
				GCC_C_LANGUAGE_STANDARD = gnu11;
				GCC_DYNAMIC_NO_PIC = NO;
				GCC_NO_COMMON_BLOCKS = YES;
				GCC_OPTIMIZATION_LEVEL = 0;
				GCC_PREPROCESSOR_DEFINITIONS = (
					"DEBUG=1",
					"$(inherited)",
				);
				GCC_WARN_64_TO_32_BIT_CONVERSION = YES;
				GCC_WARN_ABOUT_RETURN_TYPE = YES_ERROR;
				GCC_WARN_UNDECLARED_SELECTOR = YES;
				GCC_WARN_UNINITIALIZED_AUTOS = YES_AGGRESSIVE;
				GCC_WARN_UNUSED_FUNCTION = YES;
				GCC_WARN_UNUSED_VARIABLE = YES;
				IPHONEOS_DEPLOYMENT_TARGET = 14.4;
				MTL_ENABLE_DEBUG_INFO = INCLUDE_SOURCE;
				MTL_FAST_MATH = YES;
				ONLY_ACTIVE_ARCH = YES;
				SDKROOT = iphoneos;
				SWIFT_ACTIVE_COMPILATION_CONDITIONS = DEBUG;
				SWIFT_OPTIMIZATION_LEVEL = "-Onone";
			};
			name = Debug;
		};
		6364B7FD25E4C08C0043698A /* Release */ = {
			isa = XCBuildConfiguration;
			buildSettings = {
				ALWAYS_SEARCH_USER_PATHS = NO;
				CLANG_ANALYZER_NONNULL = YES;
				CLANG_ANALYZER_NUMBER_OBJECT_CONVERSION = YES_AGGRESSIVE;
				CLANG_CXX_LANGUAGE_STANDARD = "gnu++14";
				CLANG_CXX_LIBRARY = "libc++";
				CLANG_ENABLE_MODULES = YES;
				CLANG_ENABLE_OBJC_ARC = YES;
				CLANG_ENABLE_OBJC_WEAK = YES;
				CLANG_WARN_BLOCK_CAPTURE_AUTORELEASING = YES;
				CLANG_WARN_BOOL_CONVERSION = YES;
				CLANG_WARN_COMMA = YES;
				CLANG_WARN_CONSTANT_CONVERSION = YES;
				CLANG_WARN_DEPRECATED_OBJC_IMPLEMENTATIONS = YES;
				CLANG_WARN_DIRECT_OBJC_ISA_USAGE = YES_ERROR;
				CLANG_WARN_DOCUMENTATION_COMMENTS = YES;
				CLANG_WARN_EMPTY_BODY = YES;
				CLANG_WARN_ENUM_CONVERSION = YES;
				CLANG_WARN_INFINITE_RECURSION = YES;
				CLANG_WARN_INT_CONVERSION = YES;
				CLANG_WARN_NON_LITERAL_NULL_CONVERSION = YES;
				CLANG_WARN_OBJC_IMPLICIT_RETAIN_SELF = YES;
				CLANG_WARN_OBJC_LITERAL_CONVERSION = YES;
				CLANG_WARN_OBJC_ROOT_CLASS = YES_ERROR;
				CLANG_WARN_QUOTED_INCLUDE_IN_FRAMEWORK_HEADER = YES;
				CLANG_WARN_RANGE_LOOP_ANALYSIS = YES;
				CLANG_WARN_STRICT_PROTOTYPES = YES;
				CLANG_WARN_SUSPICIOUS_MOVE = YES;
				CLANG_WARN_UNGUARDED_AVAILABILITY = YES_AGGRESSIVE;
				CLANG_WARN_UNREACHABLE_CODE = YES;
				CLANG_WARN__DUPLICATE_METHOD_MATCH = YES;
				COPY_PHASE_STRIP = NO;
				DEBUG_INFORMATION_FORMAT = "dwarf-with-dsym";
				ENABLE_NS_ASSERTIONS = NO;
				ENABLE_STRICT_OBJC_MSGSEND = YES;
				GCC_C_LANGUAGE_STANDARD = gnu11;
				GCC_NO_COMMON_BLOCKS = YES;
				GCC_WARN_64_TO_32_BIT_CONVERSION = YES;
				GCC_WARN_ABOUT_RETURN_TYPE = YES_ERROR;
				GCC_WARN_UNDECLARED_SELECTOR = YES;
				GCC_WARN_UNINITIALIZED_AUTOS = YES_AGGRESSIVE;
				GCC_WARN_UNUSED_FUNCTION = YES;
				GCC_WARN_UNUSED_VARIABLE = YES;
				IPHONEOS_DEPLOYMENT_TARGET = 14.4;
				MTL_ENABLE_DEBUG_INFO = NO;
				MTL_FAST_MATH = YES;
				SDKROOT = iphoneos;
				SWIFT_COMPILATION_MODE = wholemodule;
				SWIFT_OPTIMIZATION_LEVEL = "-O";
				VALIDATE_PRODUCT = YES;
			};
			name = Release;
		};
		6364B7FF25E4C08C0043698A /* Debug */ = {
			isa = XCBuildConfiguration;
			buildSettings = {
				ASSETCATALOG_COMPILER_APPICON_NAME = AppIcon;
				ASSETCATALOG_COMPILER_GLOBAL_ACCENT_COLOR_NAME = AccentColor;
				CODE_SIGN_ENTITLEMENTS = HealthKitWaterTracker/Resources/HealthKitWaterTracker.entitlements;
				CODE_SIGN_STYLE = Automatic;
				DEVELOPMENT_TEAM = 3BQB6FYF6S;
				INFOPLIST_FILE = HealthKitWaterTracker/Resources/Info.plist;
				LD_RUNPATH_SEARCH_PATHS = (
					"$(inherited)",
					"@executable_path/Frameworks",
				);
				PRODUCT_BUNDLE_IDENTIFIER = com.davidwright.ios.HealthKitWaterTracker;
				PRODUCT_NAME = "$(TARGET_NAME)";
				SWIFT_VERSION = 5.0;
				TARGETED_DEVICE_FAMILY = "1,2";
			};
			name = Debug;
		};
		6364B80025E4C08C0043698A /* Release */ = {
			isa = XCBuildConfiguration;
			buildSettings = {
				ASSETCATALOG_COMPILER_APPICON_NAME = AppIcon;
				ASSETCATALOG_COMPILER_GLOBAL_ACCENT_COLOR_NAME = AccentColor;
				CODE_SIGN_ENTITLEMENTS = HealthKitWaterTracker/Resources/HealthKitWaterTracker.entitlements;
				CODE_SIGN_STYLE = Automatic;
				DEVELOPMENT_TEAM = 3BQB6FYF6S;
				INFOPLIST_FILE = HealthKitWaterTracker/Resources/Info.plist;
				LD_RUNPATH_SEARCH_PATHS = (
					"$(inherited)",
					"@executable_path/Frameworks",
				);
				PRODUCT_BUNDLE_IDENTIFIER = com.davidwright.ios.HealthKitWaterTracker;
				PRODUCT_NAME = "$(TARGET_NAME)";
				SWIFT_VERSION = 5.0;
				TARGETED_DEVICE_FAMILY = "1,2";
			};
			name = Release;
		};
/* End XCBuildConfiguration section */

/* Begin XCConfigurationList section */
		6364B7E525E4C08B0043698A /* Build configuration list for PBXProject "HealthKitWaterTracker" */ = {
			isa = XCConfigurationList;
			buildConfigurations = (
				6364B7FC25E4C08C0043698A /* Debug */,
				6364B7FD25E4C08C0043698A /* Release */,
			);
			defaultConfigurationIsVisible = 0;
			defaultConfigurationName = Release;
		};
		6364B7FE25E4C08C0043698A /* Build configuration list for PBXNativeTarget "HealthKitWaterTracker" */ = {
			isa = XCConfigurationList;
			buildConfigurations = (
				6364B7FF25E4C08C0043698A /* Debug */,
				6364B80025E4C08C0043698A /* Release */,
			);
			defaultConfigurationIsVisible = 0;
			defaultConfigurationName = Release;
		};
/* End XCConfigurationList section */

/* Begin XCRemoteSwiftPackageReference section */
		6364B81825E4C3170043698A /* XCRemoteSwiftPackageReference "CareKit" */ = {
			isa = XCRemoteSwiftPackageReference;
			repositoryURL = "https://github.com/carekit-apple/CareKit";
			requirement = {
				branch = main;
				kind = branch;
			};
		};
/* End XCRemoteSwiftPackageReference section */

/* Begin XCSwiftPackageProductDependency section */
		6364B81925E4C3170043698A /* CareKitUI */ = {
			isa = XCSwiftPackageProductDependency;
			package = 6364B81825E4C3170043698A /* XCRemoteSwiftPackageReference "CareKit" */;
			productName = CareKitUI;
		};
/* End XCSwiftPackageProductDependency section */
	};
	rootObject = 6364B7E225E4C08B0043698A /* Project object */;
}
